
Microsoft Visual Studio Solution File, Format Version 12.00
# Visual Studio 15
VisualStudioVersion = 15.0.27703.2035
MinimumVisualStudioVersion = 10.0.40219.1
Project("{FAE04EC0-301F-11D3-BF4B-00C04F79EFBC}") = "SportsOracle", "SportsOracle\SportsOracle.csproj", "{DF99080D-37CE-4BF0-A607-CDE5BF2CBA54}"
EndProject
Global
	GlobalSection(SolutionConfigurationPlatforms) = preSolution
		Debug|Any CPU = Debug|Any CPU
		Release|Any CPU = Release|Any CPU
	EndGlobalSection
	GlobalSection(ProjectConfigurationPlatforms) = postSolution
		{DF99080D-37CE-4BF0-A607-CDE5BF2CBA54}.Debug|Any CPU.ActiveCfg = Debug|Any CPU
		{DF99080D-37CE-4BF0-A607-CDE5BF2CBA54}.Debug|Any CPU.Build.0 = Debug|Any CPU
		{DF99080D-37CE-4BF0-A607-CDE5BF2CBA54}.Release|Any CPU.ActiveCfg = Release|Any CPU
		{DF99080D-37CE-4BF0-A607-CDE5BF2CBA54}.Release|Any CPU.Build.0 = Release|Any CPU
	EndGlobalSection
	GlobalSection(SolutionProperties) = preSolution
		HideSolutionNode = FALSE
	EndGlobalSection
	GlobalSection(ExtensibilityGlobals) = postSolution
		SolutionGuid = {13E683B1-A5CF-4ED3-AC10-F5F35A2CE5E0}
	EndGlobalSection
EndGlobal
