
Microsoft Visual Studio Solution File, Format Version 12.00
# Visual Studio 15
VisualStudioVersion = 15.0.27703.2035
MinimumVisualStudioVersion = 10.0.40219.1
Project("{FAE04EC0-301F-11D3-BF4B-00C04F79EFBC}") = "Types", "Types\Types.csproj", "{8E61843C-3153-406D-B928-C715902E4509}"
EndProject
Global
	GlobalSection(SolutionConfigurationPlatforms) = preSolution
		Debug|Any CPU = Debug|Any CPU
		Release|Any CPU = Release|Any CPU
	EndGlobalSection
	GlobalSection(ProjectConfigurationPlatforms) = postSolution
		{8E61843C-3153-406D-B928-C715902E4509}.Debug|Any CPU.ActiveCfg = Debug|Any CPU
		{8E61843C-3153-406D-B928-C715902E4509}.Debug|Any CPU.Build.0 = Debug|Any CPU
		{8E61843C-3153-406D-B928-C715902E4509}.Release|Any CPU.ActiveCfg = Release|Any CPU
		{8E61843C-3153-406D-B928-C715902E4509}.Release|Any CPU.Build.0 = Release|Any CPU
	EndGlobalSection
	GlobalSection(SolutionProperties) = preSolution
		HideSolutionNode = FALSE
	EndGlobalSection
	GlobalSection(ExtensibilityGlobals) = postSolution
		SolutionGuid = {EC8A9156-CFD6-426C-AB72-E3697E3DB229}
	EndGlobalSection
EndGlobal
