
Microsoft Visual Studio Solution File, Format Version 12.00
# Visual Studio 15
VisualStudioVersion = 15.0.27703.2035
MinimumVisualStudioVersion = 10.0.40219.1
Project("{FAE04EC0-301F-11D3-BF4B-00C04F79EFBC}") = "Cinderella", "Cinderella\Cinderella.csproj", "{73816462-9EE4-4B33-9099-E4D58D77ADC3}"
EndProject
Global
	GlobalSection(SolutionConfigurationPlatforms) = preSolution
		Debug|Any CPU = Debug|Any CPU
		Release|Any CPU = Release|Any CPU
	EndGlobalSection
	GlobalSection(ProjectConfigurationPlatforms) = postSolution
		{73816462-9EE4-4B33-9099-E4D58D77ADC3}.Debug|Any CPU.ActiveCfg = Debug|Any CPU
		{73816462-9EE4-4B33-9099-E4D58D77ADC3}.Debug|Any CPU.Build.0 = Debug|Any CPU
		{73816462-9EE4-4B33-9099-E4D58D77ADC3}.Release|Any CPU.ActiveCfg = Release|Any CPU
		{73816462-9EE4-4B33-9099-E4D58D77ADC3}.Release|Any CPU.Build.0 = Release|Any CPU
	EndGlobalSection
	GlobalSection(SolutionProperties) = preSolution
		HideSolutionNode = FALSE
	EndGlobalSection
	GlobalSection(ExtensibilityGlobals) = postSolution
		SolutionGuid = {A25FC513-352E-4A1D-847E-4CE6AA21B244}
	EndGlobalSection
EndGlobal
