
Microsoft Visual Studio Solution File, Format Version 12.00
# Visual Studio 15
VisualStudioVersion = 15.0.27703.2035
MinimumVisualStudioVersion = 10.0.40219.1
Project("{FAE04EC0-301F-11D3-BF4B-00C04F79EFBC}") = "Set", "Set\Set.csproj", "{048E45E6-F291-4111-B1E7-CDF922FC153E}"
EndProject
Global
	GlobalSection(SolutionConfigurationPlatforms) = preSolution
		Debug|Any CPU = Debug|Any CPU
		Release|Any CPU = Release|Any CPU
	EndGlobalSection
	GlobalSection(ProjectConfigurationPlatforms) = postSolution
		{048E45E6-F291-4111-B1E7-CDF922FC153E}.Debug|Any CPU.ActiveCfg = Debug|Any CPU
		{048E45E6-F291-4111-B1E7-CDF922FC153E}.Debug|Any CPU.Build.0 = Debug|Any CPU
		{048E45E6-F291-4111-B1E7-CDF922FC153E}.Release|Any CPU.ActiveCfg = Release|Any CPU
		{048E45E6-F291-4111-B1E7-CDF922FC153E}.Release|Any CPU.Build.0 = Release|Any CPU
	EndGlobalSection
	GlobalSection(SolutionProperties) = preSolution
		HideSolutionNode = FALSE
	EndGlobalSection
	GlobalSection(ExtensibilityGlobals) = postSolution
		SolutionGuid = {4485F715-4241-4C9E-AB85-0358DEF65653}
	EndGlobalSection
EndGlobal
